
Microsoft Visual Studio Solution File, Format Version 12.00
# Visual Studio 15
VisualStudioVersion = 15.0.26403.3
MinimumVisualStudioVersion = 10.0.40219.1
Project("{FAE04EC0-301F-11D3-BF4B-00C04F79EFBC}") = "Divergent.CompositionGateway", "Divergent.CompositionGateway\Divergent.CompositionGateway.csproj", "{C0E4CD4F-657A-4872-969C-D97768636BDA}"
EndProject
Project("{2150E333-8FDC-42A3-9474-1A3956D46DE8}") = "IT-Ops", "IT-Ops", "{DB3EFAF6-6B45-48ED-BCB9-5F44FAB30CF9}"
EndProject
Project("{FAE04EC0-301F-11D3-BF4B-00C04F79EFBC}") = "ITOps.ViewModelComposition.Gateway", "ITOps.ViewModelComposition.Gateway\ITOps.ViewModelComposition.Gateway.csproj", "{1B2BC5FF-3F95-4429-8AE1-5AC6C99B689A}"
EndProject
Global
	GlobalSection(SolutionConfigurationPlatforms) = preSolution
		Debug|Any CPU = Debug|Any CPU
		Release|Any CPU = Release|Any CPU
	EndGlobalSection
	GlobalSection(ProjectConfigurationPlatforms) = postSolution
		{C0E4CD4F-657A-4872-969C-D97768636BDA}.Debug|Any CPU.ActiveCfg = Debug|Any CPU
		{C0E4CD4F-657A-4872-969C-D97768636BDA}.Debug|Any CPU.Build.0 = Debug|Any CPU
		{C0E4CD4F-657A-4872-969C-D97768636BDA}.Release|Any CPU.ActiveCfg = Release|Any CPU
		{C0E4CD4F-657A-4872-969C-D97768636BDA}.Release|Any CPU.Build.0 = Release|Any CPU
		{1B2BC5FF-3F95-4429-8AE1-5AC6C99B689A}.Debug|Any CPU.ActiveCfg = Debug|Any CPU
		{1B2BC5FF-3F95-4429-8AE1-5AC6C99B689A}.Debug|Any CPU.Build.0 = Debug|Any CPU
		{1B2BC5FF-3F95-4429-8AE1-5AC6C99B689A}.Release|Any CPU.ActiveCfg = Release|Any CPU
		{1B2BC5FF-3F95-4429-8AE1-5AC6C99B689A}.Release|Any CPU.Build.0 = Release|Any CPU
	EndGlobalSection
	GlobalSection(SolutionProperties) = preSolution
		HideSolutionNode = FALSE
	EndGlobalSection
	GlobalSection(NestedProjects) = preSolution
		{1B2BC5FF-3F95-4429-8AE1-5AC6C99B689A} = {DB3EFAF6-6B45-48ED-BCB9-5F44FAB30CF9}
	EndGlobalSection
EndGlobal
