
Microsoft Visual Studio Solution File, Format Version 12.00
# Visual Studio 15
VisualStudioVersion = 15.0.27130.2010
MinimumVisualStudioVersion = 10.0.40219.1
Project("{FAE04EC0-301F-11D3-BF4B-00C04F79EFBC}") = "Divergent.Customers", "Divergent.Customers\Divergent.Customers.csproj", "{02EE3114-734F-42DF-994C-98480E1489FE}"
EndProject
Project("{FAE04EC0-301F-11D3-BF4B-00C04F79EFBC}") = "Divergent.Finance", "Divergent.Finance\Divergent.Finance.csproj", "{3EE37732-A31A-408D-AC60-2FBF08D09B56}"
EndProject
Project("{FAE04EC0-301F-11D3-BF4B-00C04F79EFBC}") = "Divergent.Sales", "Divergent.Sales\Divergent.Sales.csproj", "{F358BD9C-7138-45C9-AA32-B27F5066FF68}"
EndProject
Project("{2150E333-8FDC-42A3-9474-1A3956D46DE8}") = "Website", "Website", "{120B20F8-E388-4973-8F67-8340EADED83B}"
EndProject
Project("{FAE04EC0-301F-11D3-BF4B-00C04F79EFBC}") = "Divergent.Finance.Messages", "Divergent.Finance.Messages\Divergent.Finance.Messages.csproj", "{01CCC8E0-605E-417D-BF33-30881F65A49B}"
EndProject
Project("{FAE04EC0-301F-11D3-BF4B-00C04F79EFBC}") = "Divergent.Sales.Messages", "Divergent.Sales.Messages\Divergent.Sales.Messages.csproj", "{FD850B7B-46A5-43EC-9571-C13736E6B033}"
EndProject
Project("{FAE04EC0-301F-11D3-BF4B-00C04F79EFBC}") = "Divergent.Customers.Data", "Divergent.Customers.Data\Divergent.Customers.Data.csproj", "{314AA28E-E5A9-40B3-AA9B-C2C0E5BAD059}"
EndProject
Project("{FAE04EC0-301F-11D3-BF4B-00C04F79EFBC}") = "Divergent.Finance.Data", "Divergent.Finance.Data\Divergent.Finance.Data.csproj", "{FEE53DC5-B52D-49DB-8F07-A8C835998283}"
EndProject
Project("{FAE04EC0-301F-11D3-BF4B-00C04F79EFBC}") = "Divergent.Sales.Data", "Divergent.Sales.Data\Divergent.Sales.Data.csproj", "{80F82F7D-3F0A-4316-87CD-49F19DBD5B85}"
EndProject
Project("{2150E333-8FDC-42A3-9474-1A3956D46DE8}") = "ExternalSystems", "ExternalSystems", "{41918E2F-FCC6-48D8-8A3C-3EF756BE385C}"
EndProject
Project("{FAE04EC0-301F-11D3-BF4B-00C04F79EFBC}") = "PaymentProviders", "externalsystems\MastercardPaymentProvider\PaymentProviders.csproj", "{4EEFC008-F185-480A-8312-D3E9C81C5D95}"
EndProject
Project("{FAE04EC0-301F-11D3-BF4B-00C04F79EFBC}") = "Divergent.Shipping", "Divergent.Shipping\Divergent.Shipping.csproj", "{E8BCB506-5BD6-4963-B4D0-717A26916E46}"
EndProject
Project("{2150E333-8FDC-42A3-9474-1A3956D46DE8}") = "Customers", "Customers", "{808B901F-6EF7-49F0-B668-F54EEDB1F3F1}"
EndProject
Project("{2150E333-8FDC-42A3-9474-1A3956D46DE8}") = "Finance", "Finance", "{65F37558-1C29-4247-BD01-4DFAFD452ECB}"
EndProject
Project("{2150E333-8FDC-42A3-9474-1A3956D46DE8}") = "Sales", "Sales", "{3F113598-B240-4E06-B41A-6C684C208F2A}"
EndProject
Project("{2150E333-8FDC-42A3-9474-1A3956D46DE8}") = "Shipping", "Shipping", "{BAFA6668-162F-4D48-8BAD-46A39C59B6FE}"
EndProject
Project("{2150E333-8FDC-42A3-9474-1A3956D46DE8}") = "ITOps", "ITOps", "{A9587680-24D6-475A-81E8-8699773B5ED9}"
EndProject
Project("{FAE04EC0-301F-11D3-BF4B-00C04F79EFBC}") = "Divergent.ITOps", "Divergent.ITOps\Divergent.ITOps.csproj", "{CC7D8937-2DCA-447D-A951-FA0A566EE92E}"
EndProject
Project("{FAE04EC0-301F-11D3-BF4B-00C04F79EFBC}") = "Divergent.ITOps.Interfaces", "Divergent.ITOps.Interfaces\Divergent.ITOps.Interfaces.csproj", "{23DEA9FF-FCB9-4C9F-94F7-0A77E23D8791}"
EndProject
Project("{FAE04EC0-301F-11D3-BF4B-00C04F79EFBC}") = "Divergent.Customers.API", "Divergent.Customers.API\Divergent.Customers.API.csproj", "{222B8A52-4F51-4140-80B4-8AF531E293E4}"
EndProject
Project("{FAE04EC0-301F-11D3-BF4B-00C04F79EFBC}") = "Divergent.Finance.API", "Divergent.Finance.API\Divergent.Finance.API.csproj", "{BF4B517B-DBC4-4107-886F-9E246312E9AF}"
EndProject
Project("{FAE04EC0-301F-11D3-BF4B-00C04F79EFBC}") = "Divergent.Sales.API", "Divergent.Sales.API\Divergent.Sales.API.csproj", "{C2FE4732-EA4E-49CC-BE34-46341FB32E09}"
EndProject
Project("{FAE04EC0-301F-11D3-BF4B-00C04F79EFBC}") = "Divergent.ITOps.Messages", "Divergent.ITOps.Messages\Divergent.ITOps.Messages.csproj", "{5B5FC22D-A8C8-4FBB-B533-3052E83D410C}"
EndProject
Project("{FAE04EC0-301F-11D3-BF4B-00C04F79EFBC}") = "Divergent.Shipping.Data", "Divergent.Shipping.Data\Divergent.Shipping.Data.csproj", "{C825BBFF-297D-4E68-ABB9-276FD81D4AD4}"
EndProject
Project("{FAE04EC0-301F-11D3-BF4B-00C04F79EFBC}") = "Divergent.Frontend", "Divergent.Frontend\Divergent.Frontend.csproj", "{0EE90477-6D50-49A3-A557-3741F568E2ED}"
EndProject
Project("{9A19103F-16F7-4668-BE54-9A1E7A4F7556}") = "ITOps.ViewModelComposition", "..\..\shared-api-gateway\ITOps.ViewModelComposition\ITOps.ViewModelComposition.csproj", "{888DB2A9-39D2-4B21-8620-8C2BD67AAF6F}"
EndProject
Project("{9A19103F-16F7-4668-BE54-9A1E7A4F7556}") = "ITOps.Json", "..\..\shared-api-gateway\ITOps.Json\ITOps.Json.csproj", "{416C923B-61E5-4182-909C-21651394C05F}"
EndProject
Project("{9A19103F-16F7-4668-BE54-9A1E7A4F7556}") = "ITOps.ViewModelComposition.Gateway", "..\..\shared-api-gateway\ITOps.ViewModelComposition.Gateway\ITOps.ViewModelComposition.Gateway.csproj", "{A99F2A92-EE56-49FB-970C-5EA7935D1316}"
EndProject
Project("{9A19103F-16F7-4668-BE54-9A1E7A4F7556}") = "Divergent.CompositionGateway", "Divergent.CompositionGateway\Divergent.CompositionGateway.csproj", "{4776CCE0-98E9-4E3A-9DDC-93278D63721E}"
EndProject
Project("{9A19103F-16F7-4668-BE54-9A1E7A4F7556}") = "Divergent.Sales.ViewModelComposition", "Divergent.Sales.ViewModelComposition\Divergent.Sales.ViewModelComposition.csproj", "{A476ADD9-1DA4-46E1-8555-6040C52B76D0}"
EndProject
Project("{9A19103F-16F7-4668-BE54-9A1E7A4F7556}") = "Divergent.Sales.ViewModelComposition.Events", "Divergent.Sales.ViewModelComposition.Events\Divergent.Sales.ViewModelComposition.Events.csproj", "{D4B3216E-6072-4B7A-97C5-A6FC4C2ABB05}"
EndProject
Project("{9A19103F-16F7-4668-BE54-9A1E7A4F7556}") = "Divergent.Customers.ViewModelComposition", "Divergent.Customers.ViewModelComposition\Divergent.Customers.ViewModelComposition.csproj", "{B90C72C7-C101-48DD-B3FF-5B69A2316506}"
EndProject
Project("{9A19103F-16F7-4668-BE54-9A1E7A4F7556}") = "Divergent.Finance.ViewModelComposition", "Divergent.Finance.ViewModelComposition\Divergent.Finance.ViewModelComposition.csproj", "{2FFA57AA-D809-496F-AF59-ACF76AAFDCA4}"
EndProject
Project("{9A19103F-16F7-4668-BE54-9A1E7A4F7556}") = "ITOps.EndpointConfig", "..\..\shared-api-gateway\ITOps.EndpointConfig\ITOps.EndpointConfig.csproj", "{D54CA28C-A9EE-46EC-A409-868EFBEEFFF0}"
EndProject
Global
	GlobalSection(SolutionConfigurationPlatforms) = preSolution
		Debug|Any CPU = Debug|Any CPU
		Release|Any CPU = Release|Any CPU
	EndGlobalSection
	GlobalSection(ProjectConfigurationPlatforms) = postSolution
		{02EE3114-734F-42DF-994C-98480E1489FE}.Debug|Any CPU.ActiveCfg = Debug|Any CPU
		{02EE3114-734F-42DF-994C-98480E1489FE}.Debug|Any CPU.Build.0 = Debug|Any CPU
		{02EE3114-734F-42DF-994C-98480E1489FE}.Release|Any CPU.ActiveCfg = Release|Any CPU
		{02EE3114-734F-42DF-994C-98480E1489FE}.Release|Any CPU.Build.0 = Release|Any CPU
		{3EE37732-A31A-408D-AC60-2FBF08D09B56}.Debug|Any CPU.ActiveCfg = Debug|Any CPU
		{3EE37732-A31A-408D-AC60-2FBF08D09B56}.Debug|Any CPU.Build.0 = Debug|Any CPU
		{3EE37732-A31A-408D-AC60-2FBF08D09B56}.Release|Any CPU.ActiveCfg = Release|Any CPU
		{3EE37732-A31A-408D-AC60-2FBF08D09B56}.Release|Any CPU.Build.0 = Release|Any CPU
		{F358BD9C-7138-45C9-AA32-B27F5066FF68}.Debug|Any CPU.ActiveCfg = Debug|Any CPU
		{F358BD9C-7138-45C9-AA32-B27F5066FF68}.Debug|Any CPU.Build.0 = Debug|Any CPU
		{F358BD9C-7138-45C9-AA32-B27F5066FF68}.Release|Any CPU.ActiveCfg = Release|Any CPU
		{F358BD9C-7138-45C9-AA32-B27F5066FF68}.Release|Any CPU.Build.0 = Release|Any CPU
		{01CCC8E0-605E-417D-BF33-30881F65A49B}.Debug|Any CPU.ActiveCfg = Debug|Any CPU
		{01CCC8E0-605E-417D-BF33-30881F65A49B}.Debug|Any CPU.Build.0 = Debug|Any CPU
		{01CCC8E0-605E-417D-BF33-30881F65A49B}.Release|Any CPU.ActiveCfg = Release|Any CPU
		{01CCC8E0-605E-417D-BF33-30881F65A49B}.Release|Any CPU.Build.0 = Release|Any CPU
		{FD850B7B-46A5-43EC-9571-C13736E6B033}.Debug|Any CPU.ActiveCfg = Debug|Any CPU
		{FD850B7B-46A5-43EC-9571-C13736E6B033}.Debug|Any CPU.Build.0 = Debug|Any CPU
		{FD850B7B-46A5-43EC-9571-C13736E6B033}.Release|Any CPU.ActiveCfg = Release|Any CPU
		{FD850B7B-46A5-43EC-9571-C13736E6B033}.Release|Any CPU.Build.0 = Release|Any CPU
		{314AA28E-E5A9-40B3-AA9B-C2C0E5BAD059}.Debug|Any CPU.ActiveCfg = Debug|Any CPU
		{314AA28E-E5A9-40B3-AA9B-C2C0E5BAD059}.Debug|Any CPU.Build.0 = Debug|Any CPU
		{314AA28E-E5A9-40B3-AA9B-C2C0E5BAD059}.Release|Any CPU.ActiveCfg = Release|Any CPU
		{314AA28E-E5A9-40B3-AA9B-C2C0E5BAD059}.Release|Any CPU.Build.0 = Release|Any CPU
		{FEE53DC5-B52D-49DB-8F07-A8C835998283}.Debug|Any CPU.ActiveCfg = Debug|Any CPU
		{FEE53DC5-B52D-49DB-8F07-A8C835998283}.Debug|Any CPU.Build.0 = Debug|Any CPU
		{FEE53DC5-B52D-49DB-8F07-A8C835998283}.Release|Any CPU.ActiveCfg = Release|Any CPU
		{FEE53DC5-B52D-49DB-8F07-A8C835998283}.Release|Any CPU.Build.0 = Release|Any CPU
		{80F82F7D-3F0A-4316-87CD-49F19DBD5B85}.Debug|Any CPU.ActiveCfg = Debug|Any CPU
		{80F82F7D-3F0A-4316-87CD-49F19DBD5B85}.Debug|Any CPU.Build.0 = Debug|Any CPU
		{80F82F7D-3F0A-4316-87CD-49F19DBD5B85}.Release|Any CPU.ActiveCfg = Release|Any CPU
		{80F82F7D-3F0A-4316-87CD-49F19DBD5B85}.Release|Any CPU.Build.0 = Release|Any CPU
		{4EEFC008-F185-480A-8312-D3E9C81C5D95}.Debug|Any CPU.ActiveCfg = Debug|Any CPU
		{4EEFC008-F185-480A-8312-D3E9C81C5D95}.Debug|Any CPU.Build.0 = Debug|Any CPU
		{4EEFC008-F185-480A-8312-D3E9C81C5D95}.Release|Any CPU.ActiveCfg = Release|Any CPU
		{4EEFC008-F185-480A-8312-D3E9C81C5D95}.Release|Any CPU.Build.0 = Release|Any CPU
		{E8BCB506-5BD6-4963-B4D0-717A26916E46}.Debug|Any CPU.ActiveCfg = Debug|Any CPU
		{E8BCB506-5BD6-4963-B4D0-717A26916E46}.Debug|Any CPU.Build.0 = Debug|Any CPU
		{E8BCB506-5BD6-4963-B4D0-717A26916E46}.Release|Any CPU.ActiveCfg = Release|Any CPU
		{E8BCB506-5BD6-4963-B4D0-717A26916E46}.Release|Any CPU.Build.0 = Release|Any CPU
		{CC7D8937-2DCA-447D-A951-FA0A566EE92E}.Debug|Any CPU.ActiveCfg = Debug|Any CPU
		{CC7D8937-2DCA-447D-A951-FA0A566EE92E}.Debug|Any CPU.Build.0 = Debug|Any CPU
		{CC7D8937-2DCA-447D-A951-FA0A566EE92E}.Release|Any CPU.ActiveCfg = Release|Any CPU
		{CC7D8937-2DCA-447D-A951-FA0A566EE92E}.Release|Any CPU.Build.0 = Release|Any CPU
		{23DEA9FF-FCB9-4C9F-94F7-0A77E23D8791}.Debug|Any CPU.ActiveCfg = Debug|Any CPU
		{23DEA9FF-FCB9-4C9F-94F7-0A77E23D8791}.Debug|Any CPU.Build.0 = Debug|Any CPU
		{23DEA9FF-FCB9-4C9F-94F7-0A77E23D8791}.Release|Any CPU.ActiveCfg = Release|Any CPU
		{23DEA9FF-FCB9-4C9F-94F7-0A77E23D8791}.Release|Any CPU.Build.0 = Release|Any CPU
		{222B8A52-4F51-4140-80B4-8AF531E293E4}.Debug|Any CPU.ActiveCfg = Debug|Any CPU
		{222B8A52-4F51-4140-80B4-8AF531E293E4}.Debug|Any CPU.Build.0 = Debug|Any CPU
		{222B8A52-4F51-4140-80B4-8AF531E293E4}.Release|Any CPU.ActiveCfg = Release|Any CPU
		{222B8A52-4F51-4140-80B4-8AF531E293E4}.Release|Any CPU.Build.0 = Release|Any CPU
		{BF4B517B-DBC4-4107-886F-9E246312E9AF}.Debug|Any CPU.ActiveCfg = Debug|Any CPU
		{BF4B517B-DBC4-4107-886F-9E246312E9AF}.Debug|Any CPU.Build.0 = Debug|Any CPU
		{BF4B517B-DBC4-4107-886F-9E246312E9AF}.Release|Any CPU.ActiveCfg = Release|Any CPU
		{BF4B517B-DBC4-4107-886F-9E246312E9AF}.Release|Any CPU.Build.0 = Release|Any CPU
		{C2FE4732-EA4E-49CC-BE34-46341FB32E09}.Debug|Any CPU.ActiveCfg = Debug|Any CPU
		{C2FE4732-EA4E-49CC-BE34-46341FB32E09}.Debug|Any CPU.Build.0 = Debug|Any CPU
		{C2FE4732-EA4E-49CC-BE34-46341FB32E09}.Release|Any CPU.ActiveCfg = Release|Any CPU
		{C2FE4732-EA4E-49CC-BE34-46341FB32E09}.Release|Any CPU.Build.0 = Release|Any CPU
		{5B5FC22D-A8C8-4FBB-B533-3052E83D410C}.Debug|Any CPU.ActiveCfg = Debug|Any CPU
		{5B5FC22D-A8C8-4FBB-B533-3052E83D410C}.Debug|Any CPU.Build.0 = Debug|Any CPU
		{5B5FC22D-A8C8-4FBB-B533-3052E83D410C}.Release|Any CPU.ActiveCfg = Release|Any CPU
		{5B5FC22D-A8C8-4FBB-B533-3052E83D410C}.Release|Any CPU.Build.0 = Release|Any CPU
		{C825BBFF-297D-4E68-ABB9-276FD81D4AD4}.Debug|Any CPU.ActiveCfg = Debug|Any CPU
		{C825BBFF-297D-4E68-ABB9-276FD81D4AD4}.Debug|Any CPU.Build.0 = Debug|Any CPU
		{C825BBFF-297D-4E68-ABB9-276FD81D4AD4}.Release|Any CPU.ActiveCfg = Release|Any CPU
		{C825BBFF-297D-4E68-ABB9-276FD81D4AD4}.Release|Any CPU.Build.0 = Release|Any CPU
		{0EE90477-6D50-49A3-A557-3741F568E2ED}.Debug|Any CPU.ActiveCfg = Debug|Any CPU
		{0EE90477-6D50-49A3-A557-3741F568E2ED}.Debug|Any CPU.Build.0 = Debug|Any CPU
		{0EE90477-6D50-49A3-A557-3741F568E2ED}.Release|Any CPU.ActiveCfg = Release|Any CPU
		{0EE90477-6D50-49A3-A557-3741F568E2ED}.Release|Any CPU.Build.0 = Release|Any CPU
		{888DB2A9-39D2-4B21-8620-8C2BD67AAF6F}.Debug|Any CPU.ActiveCfg = Debug|Any CPU
		{888DB2A9-39D2-4B21-8620-8C2BD67AAF6F}.Debug|Any CPU.Build.0 = Debug|Any CPU
		{888DB2A9-39D2-4B21-8620-8C2BD67AAF6F}.Release|Any CPU.ActiveCfg = Release|Any CPU
		{888DB2A9-39D2-4B21-8620-8C2BD67AAF6F}.Release|Any CPU.Build.0 = Release|Any CPU
		{416C923B-61E5-4182-909C-21651394C05F}.Debug|Any CPU.ActiveCfg = Debug|Any CPU
		{416C923B-61E5-4182-909C-21651394C05F}.Debug|Any CPU.Build.0 = Debug|Any CPU
		{416C923B-61E5-4182-909C-21651394C05F}.Release|Any CPU.ActiveCfg = Release|Any CPU
		{416C923B-61E5-4182-909C-21651394C05F}.Release|Any CPU.Build.0 = Release|Any CPU
		{A99F2A92-EE56-49FB-970C-5EA7935D1316}.Debug|Any CPU.ActiveCfg = Debug|Any CPU
		{A99F2A92-EE56-49FB-970C-5EA7935D1316}.Debug|Any CPU.Build.0 = Debug|Any CPU
		{A99F2A92-EE56-49FB-970C-5EA7935D1316}.Release|Any CPU.ActiveCfg = Release|Any CPU
		{A99F2A92-EE56-49FB-970C-5EA7935D1316}.Release|Any CPU.Build.0 = Release|Any CPU
		{4776CCE0-98E9-4E3A-9DDC-93278D63721E}.Debug|Any CPU.ActiveCfg = Debug|Any CPU
		{4776CCE0-98E9-4E3A-9DDC-93278D63721E}.Debug|Any CPU.Build.0 = Debug|Any CPU
		{4776CCE0-98E9-4E3A-9DDC-93278D63721E}.Release|Any CPU.ActiveCfg = Release|Any CPU
		{4776CCE0-98E9-4E3A-9DDC-93278D63721E}.Release|Any CPU.Build.0 = Release|Any CPU
		{A476ADD9-1DA4-46E1-8555-6040C52B76D0}.Debug|Any CPU.ActiveCfg = Debug|Any CPU
		{A476ADD9-1DA4-46E1-8555-6040C52B76D0}.Debug|Any CPU.Build.0 = Debug|Any CPU
		{A476ADD9-1DA4-46E1-8555-6040C52B76D0}.Release|Any CPU.ActiveCfg = Release|Any CPU
		{A476ADD9-1DA4-46E1-8555-6040C52B76D0}.Release|Any CPU.Build.0 = Release|Any CPU
		{D4B3216E-6072-4B7A-97C5-A6FC4C2ABB05}.Debug|Any CPU.ActiveCfg = Debug|Any CPU
		{D4B3216E-6072-4B7A-97C5-A6FC4C2ABB05}.Debug|Any CPU.Build.0 = Debug|Any CPU
		{D4B3216E-6072-4B7A-97C5-A6FC4C2ABB05}.Release|Any CPU.ActiveCfg = Release|Any CPU
		{D4B3216E-6072-4B7A-97C5-A6FC4C2ABB05}.Release|Any CPU.Build.0 = Release|Any CPU
		{B90C72C7-C101-48DD-B3FF-5B69A2316506}.Debug|Any CPU.ActiveCfg = Debug|Any CPU
		{B90C72C7-C101-48DD-B3FF-5B69A2316506}.Debug|Any CPU.Build.0 = Debug|Any CPU
		{B90C72C7-C101-48DD-B3FF-5B69A2316506}.Release|Any CPU.ActiveCfg = Release|Any CPU
		{B90C72C7-C101-48DD-B3FF-5B69A2316506}.Release|Any CPU.Build.0 = Release|Any CPU
		{2FFA57AA-D809-496F-AF59-ACF76AAFDCA4}.Debug|Any CPU.ActiveCfg = Debug|Any CPU
		{2FFA57AA-D809-496F-AF59-ACF76AAFDCA4}.Debug|Any CPU.Build.0 = Debug|Any CPU
		{2FFA57AA-D809-496F-AF59-ACF76AAFDCA4}.Release|Any CPU.ActiveCfg = Release|Any CPU
		{2FFA57AA-D809-496F-AF59-ACF76AAFDCA4}.Release|Any CPU.Build.0 = Release|Any CPU
		{D54CA28C-A9EE-46EC-A409-868EFBEEFFF0}.Debug|Any CPU.ActiveCfg = Debug|Any CPU
		{D54CA28C-A9EE-46EC-A409-868EFBEEFFF0}.Debug|Any CPU.Build.0 = Debug|Any CPU
		{D54CA28C-A9EE-46EC-A409-868EFBEEFFF0}.Release|Any CPU.ActiveCfg = Release|Any CPU
		{D54CA28C-A9EE-46EC-A409-868EFBEEFFF0}.Release|Any CPU.Build.0 = Release|Any CPU
	EndGlobalSection
	GlobalSection(SolutionProperties) = preSolution
		HideSolutionNode = FALSE
	EndGlobalSection
	GlobalSection(NestedProjects) = preSolution
		{02EE3114-734F-42DF-994C-98480E1489FE} = {808B901F-6EF7-49F0-B668-F54EEDB1F3F1}
		{3EE37732-A31A-408D-AC60-2FBF08D09B56} = {65F37558-1C29-4247-BD01-4DFAFD452ECB}
		{F358BD9C-7138-45C9-AA32-B27F5066FF68} = {3F113598-B240-4E06-B41A-6C684C208F2A}
		{01CCC8E0-605E-417D-BF33-30881F65A49B} = {65F37558-1C29-4247-BD01-4DFAFD452ECB}
		{FD850B7B-46A5-43EC-9571-C13736E6B033} = {3F113598-B240-4E06-B41A-6C684C208F2A}
		{314AA28E-E5A9-40B3-AA9B-C2C0E5BAD059} = {808B901F-6EF7-49F0-B668-F54EEDB1F3F1}
		{FEE53DC5-B52D-49DB-8F07-A8C835998283} = {65F37558-1C29-4247-BD01-4DFAFD452ECB}
		{80F82F7D-3F0A-4316-87CD-49F19DBD5B85} = {3F113598-B240-4E06-B41A-6C684C208F2A}
		{4EEFC008-F185-480A-8312-D3E9C81C5D95} = {41918E2F-FCC6-48D8-8A3C-3EF756BE385C}
		{E8BCB506-5BD6-4963-B4D0-717A26916E46} = {BAFA6668-162F-4D48-8BAD-46A39C59B6FE}
		{CC7D8937-2DCA-447D-A951-FA0A566EE92E} = {A9587680-24D6-475A-81E8-8699773B5ED9}
		{23DEA9FF-FCB9-4C9F-94F7-0A77E23D8791} = {A9587680-24D6-475A-81E8-8699773B5ED9}
		{222B8A52-4F51-4140-80B4-8AF531E293E4} = {808B901F-6EF7-49F0-B668-F54EEDB1F3F1}
		{BF4B517B-DBC4-4107-886F-9E246312E9AF} = {65F37558-1C29-4247-BD01-4DFAFD452ECB}
		{C2FE4732-EA4E-49CC-BE34-46341FB32E09} = {3F113598-B240-4E06-B41A-6C684C208F2A}
		{5B5FC22D-A8C8-4FBB-B533-3052E83D410C} = {A9587680-24D6-475A-81E8-8699773B5ED9}
		{C825BBFF-297D-4E68-ABB9-276FD81D4AD4} = {BAFA6668-162F-4D48-8BAD-46A39C59B6FE}
		{0EE90477-6D50-49A3-A557-3741F568E2ED} = {120B20F8-E388-4973-8F67-8340EADED83B}
		{888DB2A9-39D2-4B21-8620-8C2BD67AAF6F} = {A9587680-24D6-475A-81E8-8699773B5ED9}
		{416C923B-61E5-4182-909C-21651394C05F} = {A9587680-24D6-475A-81E8-8699773B5ED9}
		{A99F2A92-EE56-49FB-970C-5EA7935D1316} = {A9587680-24D6-475A-81E8-8699773B5ED9}
		{4776CCE0-98E9-4E3A-9DDC-93278D63721E} = {120B20F8-E388-4973-8F67-8340EADED83B}
		{A476ADD9-1DA4-46E1-8555-6040C52B76D0} = {3F113598-B240-4E06-B41A-6C684C208F2A}
		{D4B3216E-6072-4B7A-97C5-A6FC4C2ABB05} = {3F113598-B240-4E06-B41A-6C684C208F2A}
		{B90C72C7-C101-48DD-B3FF-5B69A2316506} = {808B901F-6EF7-49F0-B668-F54EEDB1F3F1}
		{2FFA57AA-D809-496F-AF59-ACF76AAFDCA4} = {65F37558-1C29-4247-BD01-4DFAFD452ECB}
		{D54CA28C-A9EE-46EC-A409-868EFBEEFFF0} = {A9587680-24D6-475A-81E8-8699773B5ED9}
	EndGlobalSection
	GlobalSection(ExtensibilityGlobals) = postSolution
		SolutionGuid = {69211C07-3253-441B-8C32-03E68F40F819}
	EndGlobalSection
EndGlobal
