
Microsoft Visual Studio Solution File, Format Version 12.00
# Visual Studio 15
VisualStudioVersion = 15.0.27130.2010
MinimumVisualStudioVersion = 10.0.40219.1
Project("{2150E333-8FDC-42A3-9474-1A3956D46DE8}") = "Website", "Website", "{120B20F8-E388-4973-8F67-8340EADED83B}"
EndProject
Project("{9A19103F-16F7-4668-BE54-9A1E7A4F7556}") = "Divergent.Customers.Data", "Divergent.Customers.Data\Divergent.Customers.Data.csproj", "{314AA28E-E5A9-40B3-AA9B-C2C0E5BAD059}"
EndProject
Project("{9A19103F-16F7-4668-BE54-9A1E7A4F7556}") = "Divergent.Finance.Data", "Divergent.Finance.Data\Divergent.Finance.Data.csproj", "{FEE53DC5-B52D-49DB-8F07-A8C835998283}"
EndProject
Project("{9A19103F-16F7-4668-BE54-9A1E7A4F7556}") = "Divergent.Sales.Data", "Divergent.Sales.Data\Divergent.Sales.Data.csproj", "{80F82F7D-3F0A-4316-87CD-49F19DBD5B85}"
EndProject
Project("{2150E333-8FDC-42A3-9474-1A3956D46DE8}") = "Customers", "Customers", "{808B901F-6EF7-49F0-B668-F54EEDB1F3F1}"
EndProject
Project("{2150E333-8FDC-42A3-9474-1A3956D46DE8}") = "Finance", "Finance", "{65F37558-1C29-4247-BD01-4DFAFD452ECB}"
EndProject
Project("{2150E333-8FDC-42A3-9474-1A3956D46DE8}") = "Sales", "Sales", "{3F113598-B240-4E06-B41A-6C684C208F2A}"
EndProject
Project("{9A19103F-16F7-4668-BE54-9A1E7A4F7556}") = "Divergent.Customers.API", "Divergent.Customers.API\Divergent.Customers.API.csproj", "{222B8A52-4F51-4140-80B4-8AF531E293E4}"
EndProject
Project("{9A19103F-16F7-4668-BE54-9A1E7A4F7556}") = "Divergent.Finance.API", "Divergent.Finance.API\Divergent.Finance.API.csproj", "{BF4B517B-DBC4-4107-886F-9E246312E9AF}"
EndProject
Project("{9A19103F-16F7-4668-BE54-9A1E7A4F7556}") = "Divergent.Sales.API", "Divergent.Sales.API\Divergent.Sales.API.csproj", "{C2FE4732-EA4E-49CC-BE34-46341FB32E09}"
EndProject
Project("{9A19103F-16F7-4668-BE54-9A1E7A4F7556}") = "Divergent.Frontend", "Divergent.Frontend\Divergent.Frontend.csproj", "{FF2C08FA-5E06-4FCE-B9E9-81EF3566C1C4}"
EndProject
Project("{9A19103F-16F7-4668-BE54-9A1E7A4F7556}") = "Divergent.CompositionGateway", "Divergent.CompositionGateway\Divergent.CompositionGateway.csproj", "{253AF249-7DF9-4DE1-92A6-0CAF55D2E9E7}"
EndProject
Project("{2150E333-8FDC-42A3-9474-1A3956D46DE8}") = "ITOps", "ITOps", "{FD1992E8-B35F-436D-A3B7-CCC91AD54819}"
EndProject
Project("{9A19103F-16F7-4668-BE54-9A1E7A4F7556}") = "ITOps.Json", "..\..\shared-api-gateway\ITOps.Json\ITOps.Json.csproj", "{62C088AF-38AE-42F9-AE8C-F9E9E7554769}"
EndProject
Project("{9A19103F-16F7-4668-BE54-9A1E7A4F7556}") = "ITOps.ViewModelComposition", "..\..\shared-api-gateway\ITOps.ViewModelComposition\ITOps.ViewModelComposition.csproj", "{14AC744E-4E89-45D6-B3B4-C06FE6B3DF84}"
EndProject
Project("{9A19103F-16F7-4668-BE54-9A1E7A4F7556}") = "ITOps.ViewModelComposition.Gateway", "..\..\shared-api-gateway\ITOps.ViewModelComposition.Gateway\ITOps.ViewModelComposition.Gateway.csproj", "{54CAD442-7CBA-47BD-B904-DB424C91C379}"
EndProject
Project("{9A19103F-16F7-4668-BE54-9A1E7A4F7556}") = "Divergent.Sales.ViewModelComposition.Events", "Divergent.Sales.ViewModelComposition.Events\Divergent.Sales.ViewModelComposition.Events.csproj", "{234308EC-1FF0-4044-9625-4CA321A7C20E}"
EndProject
Project("{9A19103F-16F7-4668-BE54-9A1E7A4F7556}") = "Divergent.Sales.ViewModelComposition", "Divergent.Sales.ViewModelComposition\Divergent.Sales.ViewModelComposition.csproj", "{A27C8027-95A4-4945-B8D2-F65C27D1D2B3}"
EndProject
Project("{9A19103F-16F7-4668-BE54-9A1E7A4F7556}") = "Divergent.Customers.ViewModelComposition", "Divergent.Customers.ViewModelComposition\Divergent.Customers.ViewModelComposition.csproj", "{66EFBCFA-8C78-4DB7-BE7F-B4F4EE507DCE}"
EndProject
Project("{9A19103F-16F7-4668-BE54-9A1E7A4F7556}") = "Divergent.Finance.ViewModelComposition", "Divergent.Finance.ViewModelComposition\Divergent.Finance.ViewModelComposition.csproj", "{9C4D5A21-9794-4F00-82C3-674F99DE3D69}"
EndProject
Global
	GlobalSection(SolutionConfigurationPlatforms) = preSolution
		Debug|Any CPU = Debug|Any CPU
		Release|Any CPU = Release|Any CPU
	EndGlobalSection
	GlobalSection(ProjectConfigurationPlatforms) = postSolution
		{314AA28E-E5A9-40B3-AA9B-C2C0E5BAD059}.Debug|Any CPU.ActiveCfg = Debug|Any CPU
		{314AA28E-E5A9-40B3-AA9B-C2C0E5BAD059}.Debug|Any CPU.Build.0 = Debug|Any CPU
		{314AA28E-E5A9-40B3-AA9B-C2C0E5BAD059}.Release|Any CPU.ActiveCfg = Release|Any CPU
		{314AA28E-E5A9-40B3-AA9B-C2C0E5BAD059}.Release|Any CPU.Build.0 = Release|Any CPU
		{FEE53DC5-B52D-49DB-8F07-A8C835998283}.Debug|Any CPU.ActiveCfg = Debug|Any CPU
		{FEE53DC5-B52D-49DB-8F07-A8C835998283}.Debug|Any CPU.Build.0 = Debug|Any CPU
		{FEE53DC5-B52D-49DB-8F07-A8C835998283}.Release|Any CPU.ActiveCfg = Release|Any CPU
		{FEE53DC5-B52D-49DB-8F07-A8C835998283}.Release|Any CPU.Build.0 = Release|Any CPU
		{80F82F7D-3F0A-4316-87CD-49F19DBD5B85}.Debug|Any CPU.ActiveCfg = Debug|Any CPU
		{80F82F7D-3F0A-4316-87CD-49F19DBD5B85}.Debug|Any CPU.Build.0 = Debug|Any CPU
		{80F82F7D-3F0A-4316-87CD-49F19DBD5B85}.Release|Any CPU.ActiveCfg = Release|Any CPU
		{80F82F7D-3F0A-4316-87CD-49F19DBD5B85}.Release|Any CPU.Build.0 = Release|Any CPU
		{222B8A52-4F51-4140-80B4-8AF531E293E4}.Debug|Any CPU.ActiveCfg = Debug|Any CPU
		{222B8A52-4F51-4140-80B4-8AF531E293E4}.Debug|Any CPU.Build.0 = Debug|Any CPU
		{222B8A52-4F51-4140-80B4-8AF531E293E4}.Release|Any CPU.ActiveCfg = Release|Any CPU
		{222B8A52-4F51-4140-80B4-8AF531E293E4}.Release|Any CPU.Build.0 = Release|Any CPU
		{BF4B517B-DBC4-4107-886F-9E246312E9AF}.Debug|Any CPU.ActiveCfg = Debug|Any CPU
		{BF4B517B-DBC4-4107-886F-9E246312E9AF}.Debug|Any CPU.Build.0 = Debug|Any CPU
		{BF4B517B-DBC4-4107-886F-9E246312E9AF}.Release|Any CPU.ActiveCfg = Release|Any CPU
		{BF4B517B-DBC4-4107-886F-9E246312E9AF}.Release|Any CPU.Build.0 = Release|Any CPU
		{C2FE4732-EA4E-49CC-BE34-46341FB32E09}.Debug|Any CPU.ActiveCfg = Debug|Any CPU
		{C2FE4732-EA4E-49CC-BE34-46341FB32E09}.Debug|Any CPU.Build.0 = Debug|Any CPU
		{C2FE4732-EA4E-49CC-BE34-46341FB32E09}.Release|Any CPU.ActiveCfg = Release|Any CPU
		{C2FE4732-EA4E-49CC-BE34-46341FB32E09}.Release|Any CPU.Build.0 = Release|Any CPU
		{FF2C08FA-5E06-4FCE-B9E9-81EF3566C1C4}.Debug|Any CPU.ActiveCfg = Debug|Any CPU
		{FF2C08FA-5E06-4FCE-B9E9-81EF3566C1C4}.Debug|Any CPU.Build.0 = Debug|Any CPU
		{FF2C08FA-5E06-4FCE-B9E9-81EF3566C1C4}.Release|Any CPU.ActiveCfg = Release|Any CPU
		{FF2C08FA-5E06-4FCE-B9E9-81EF3566C1C4}.Release|Any CPU.Build.0 = Release|Any CPU
		{253AF249-7DF9-4DE1-92A6-0CAF55D2E9E7}.Debug|Any CPU.ActiveCfg = Debug|Any CPU
		{253AF249-7DF9-4DE1-92A6-0CAF55D2E9E7}.Debug|Any CPU.Build.0 = Debug|Any CPU
		{253AF249-7DF9-4DE1-92A6-0CAF55D2E9E7}.Release|Any CPU.ActiveCfg = Release|Any CPU
		{253AF249-7DF9-4DE1-92A6-0CAF55D2E9E7}.Release|Any CPU.Build.0 = Release|Any CPU
		{62C088AF-38AE-42F9-AE8C-F9E9E7554769}.Debug|Any CPU.ActiveCfg = Debug|Any CPU
		{62C088AF-38AE-42F9-AE8C-F9E9E7554769}.Debug|Any CPU.Build.0 = Debug|Any CPU
		{62C088AF-38AE-42F9-AE8C-F9E9E7554769}.Release|Any CPU.ActiveCfg = Release|Any CPU
		{62C088AF-38AE-42F9-AE8C-F9E9E7554769}.Release|Any CPU.Build.0 = Release|Any CPU
		{14AC744E-4E89-45D6-B3B4-C06FE6B3DF84}.Debug|Any CPU.ActiveCfg = Debug|Any CPU
		{14AC744E-4E89-45D6-B3B4-C06FE6B3DF84}.Debug|Any CPU.Build.0 = Debug|Any CPU
		{14AC744E-4E89-45D6-B3B4-C06FE6B3DF84}.Release|Any CPU.ActiveCfg = Release|Any CPU
		{14AC744E-4E89-45D6-B3B4-C06FE6B3DF84}.Release|Any CPU.Build.0 = Release|Any CPU
		{54CAD442-7CBA-47BD-B904-DB424C91C379}.Debug|Any CPU.ActiveCfg = Debug|Any CPU
		{54CAD442-7CBA-47BD-B904-DB424C91C379}.Debug|Any CPU.Build.0 = Debug|Any CPU
		{54CAD442-7CBA-47BD-B904-DB424C91C379}.Release|Any CPU.ActiveCfg = Release|Any CPU
		{54CAD442-7CBA-47BD-B904-DB424C91C379}.Release|Any CPU.Build.0 = Release|Any CPU
		{234308EC-1FF0-4044-9625-4CA321A7C20E}.Debug|Any CPU.ActiveCfg = Debug|Any CPU
		{234308EC-1FF0-4044-9625-4CA321A7C20E}.Debug|Any CPU.Build.0 = Debug|Any CPU
		{234308EC-1FF0-4044-9625-4CA321A7C20E}.Release|Any CPU.ActiveCfg = Release|Any CPU
		{234308EC-1FF0-4044-9625-4CA321A7C20E}.Release|Any CPU.Build.0 = Release|Any CPU
		{A27C8027-95A4-4945-B8D2-F65C27D1D2B3}.Debug|Any CPU.ActiveCfg = Debug|Any CPU
		{A27C8027-95A4-4945-B8D2-F65C27D1D2B3}.Debug|Any CPU.Build.0 = Debug|Any CPU
		{A27C8027-95A4-4945-B8D2-F65C27D1D2B3}.Release|Any CPU.ActiveCfg = Release|Any CPU
		{A27C8027-95A4-4945-B8D2-F65C27D1D2B3}.Release|Any CPU.Build.0 = Release|Any CPU
		{66EFBCFA-8C78-4DB7-BE7F-B4F4EE507DCE}.Debug|Any CPU.ActiveCfg = Debug|Any CPU
		{66EFBCFA-8C78-4DB7-BE7F-B4F4EE507DCE}.Debug|Any CPU.Build.0 = Debug|Any CPU
		{66EFBCFA-8C78-4DB7-BE7F-B4F4EE507DCE}.Release|Any CPU.ActiveCfg = Release|Any CPU
		{66EFBCFA-8C78-4DB7-BE7F-B4F4EE507DCE}.Release|Any CPU.Build.0 = Release|Any CPU
		{9C4D5A21-9794-4F00-82C3-674F99DE3D69}.Debug|Any CPU.ActiveCfg = Debug|Any CPU
		{9C4D5A21-9794-4F00-82C3-674F99DE3D69}.Debug|Any CPU.Build.0 = Debug|Any CPU
		{9C4D5A21-9794-4F00-82C3-674F99DE3D69}.Release|Any CPU.ActiveCfg = Release|Any CPU
		{9C4D5A21-9794-4F00-82C3-674F99DE3D69}.Release|Any CPU.Build.0 = Release|Any CPU
	EndGlobalSection
	GlobalSection(SolutionProperties) = preSolution
		HideSolutionNode = FALSE
	EndGlobalSection
	GlobalSection(NestedProjects) = preSolution
		{314AA28E-E5A9-40B3-AA9B-C2C0E5BAD059} = {808B901F-6EF7-49F0-B668-F54EEDB1F3F1}
		{FEE53DC5-B52D-49DB-8F07-A8C835998283} = {65F37558-1C29-4247-BD01-4DFAFD452ECB}
		{80F82F7D-3F0A-4316-87CD-49F19DBD5B85} = {3F113598-B240-4E06-B41A-6C684C208F2A}
		{222B8A52-4F51-4140-80B4-8AF531E293E4} = {808B901F-6EF7-49F0-B668-F54EEDB1F3F1}
		{BF4B517B-DBC4-4107-886F-9E246312E9AF} = {65F37558-1C29-4247-BD01-4DFAFD452ECB}
		{C2FE4732-EA4E-49CC-BE34-46341FB32E09} = {3F113598-B240-4E06-B41A-6C684C208F2A}
		{FF2C08FA-5E06-4FCE-B9E9-81EF3566C1C4} = {120B20F8-E388-4973-8F67-8340EADED83B}
		{253AF249-7DF9-4DE1-92A6-0CAF55D2E9E7} = {120B20F8-E388-4973-8F67-8340EADED83B}
		{62C088AF-38AE-42F9-AE8C-F9E9E7554769} = {FD1992E8-B35F-436D-A3B7-CCC91AD54819}
		{14AC744E-4E89-45D6-B3B4-C06FE6B3DF84} = {FD1992E8-B35F-436D-A3B7-CCC91AD54819}
		{54CAD442-7CBA-47BD-B904-DB424C91C379} = {FD1992E8-B35F-436D-A3B7-CCC91AD54819}
		{234308EC-1FF0-4044-9625-4CA321A7C20E} = {3F113598-B240-4E06-B41A-6C684C208F2A}
		{A27C8027-95A4-4945-B8D2-F65C27D1D2B3} = {3F113598-B240-4E06-B41A-6C684C208F2A}
		{66EFBCFA-8C78-4DB7-BE7F-B4F4EE507DCE} = {808B901F-6EF7-49F0-B668-F54EEDB1F3F1}
		{9C4D5A21-9794-4F00-82C3-674F99DE3D69} = {65F37558-1C29-4247-BD01-4DFAFD452ECB}
	EndGlobalSection
	GlobalSection(ExtensibilityGlobals) = postSolution
		SolutionGuid = {4AE7FD54-C237-4785-A578-84F059591873}
	EndGlobalSection
EndGlobal
