
Microsoft Visual Studio Solution File, Format Version 12.00
# Visual Studio 15
VisualStudioVersion = 15.0.27130.2010
MinimumVisualStudioVersion = 10.0.40219.1
Project("{FAE04EC0-301F-11D3-BF4B-00C04F79EFBC}") = "Divergent.Customers", "Divergent.Customers\Divergent.Customers.csproj", "{02EE3114-734F-42DF-994C-98480E1489FE}"
EndProject
Project("{FAE04EC0-301F-11D3-BF4B-00C04F79EFBC}") = "Divergent.Finance", "Divergent.Finance\Divergent.Finance.csproj", "{3EE37732-A31A-408D-AC60-2FBF08D09B56}"
EndProject
Project("{FAE04EC0-301F-11D3-BF4B-00C04F79EFBC}") = "Divergent.Sales", "Divergent.Sales\Divergent.Sales.csproj", "{F358BD9C-7138-45C9-AA32-B27F5066FF68}"
EndProject
Project("{2150E333-8FDC-42A3-9474-1A3956D46DE8}") = "Website", "Website", "{120B20F8-E388-4973-8F67-8340EADED83B}"
EndProject
Project("{FAE04EC0-301F-11D3-BF4B-00C04F79EFBC}") = "Divergent.Finance.Messages", "Divergent.Finance.Messages\Divergent.Finance.Messages.csproj", "{01CCC8E0-605E-417D-BF33-30881F65A49B}"
EndProject
Project("{FAE04EC0-301F-11D3-BF4B-00C04F79EFBC}") = "Divergent.Sales.Messages", "Divergent.Sales.Messages\Divergent.Sales.Messages.csproj", "{FD850B7B-46A5-43EC-9571-C13736E6B033}"
EndProject
Project("{FAE04EC0-301F-11D3-BF4B-00C04F79EFBC}") = "Divergent.Customers.Data", "Divergent.Customers.Data\Divergent.Customers.Data.csproj", "{314AA28E-E5A9-40B3-AA9B-C2C0E5BAD059}"
EndProject
Project("{FAE04EC0-301F-11D3-BF4B-00C04F79EFBC}") = "Divergent.Finance.Data", "Divergent.Finance.Data\Divergent.Finance.Data.csproj", "{FEE53DC5-B52D-49DB-8F07-A8C835998283}"
EndProject
Project("{FAE04EC0-301F-11D3-BF4B-00C04F79EFBC}") = "Divergent.Sales.Data", "Divergent.Sales.Data\Divergent.Sales.Data.csproj", "{80F82F7D-3F0A-4316-87CD-49F19DBD5B85}"
EndProject
Project("{2150E333-8FDC-42A3-9474-1A3956D46DE8}") = "ExternalSystems", "ExternalSystems", "{41918E2F-FCC6-48D8-8A3C-3EF756BE385C}"
EndProject
Project("{FAE04EC0-301F-11D3-BF4B-00C04F79EFBC}") = "PaymentProviders", "externalsystems\MastercardPaymentProvider\PaymentProviders.csproj", "{4EEFC008-F185-480A-8312-D3E9C81C5D95}"
EndProject
Project("{FAE04EC0-301F-11D3-BF4B-00C04F79EFBC}") = "Divergent.Shipping", "Divergent.Shipping\Divergent.Shipping.csproj", "{E8BCB506-5BD6-4963-B4D0-717A26916E46}"
EndProject
Project("{2150E333-8FDC-42A3-9474-1A3956D46DE8}") = "Customers", "Customers", "{808B901F-6EF7-49F0-B668-F54EEDB1F3F1}"
EndProject
Project("{2150E333-8FDC-42A3-9474-1A3956D46DE8}") = "Finance", "Finance", "{65F37558-1C29-4247-BD01-4DFAFD452ECB}"
EndProject
Project("{2150E333-8FDC-42A3-9474-1A3956D46DE8}") = "Sales", "Sales", "{3F113598-B240-4E06-B41A-6C684C208F2A}"
EndProject
Project("{2150E333-8FDC-42A3-9474-1A3956D46DE8}") = "Shipping", "Shipping", "{BAFA6668-162F-4D48-8BAD-46A39C59B6FE}"
EndProject
Project("{FAE04EC0-301F-11D3-BF4B-00C04F79EFBC}") = "Divergent.Customers.API", "Divergent.Customers.API\Divergent.Customers.API.csproj", "{222B8A52-4F51-4140-80B4-8AF531E293E4}"
EndProject
Project("{FAE04EC0-301F-11D3-BF4B-00C04F79EFBC}") = "Divergent.Finance.API", "Divergent.Finance.API\Divergent.Finance.API.csproj", "{BF4B517B-DBC4-4107-886F-9E246312E9AF}"
EndProject
Project("{FAE04EC0-301F-11D3-BF4B-00C04F79EFBC}") = "Divergent.Sales.API", "Divergent.Sales.API\Divergent.Sales.API.csproj", "{C2FE4732-EA4E-49CC-BE34-46341FB32E09}"
EndProject
Project("{FAE04EC0-301F-11D3-BF4B-00C04F79EFBC}") = "Divergent.Shipping.Data", "Divergent.Shipping.Data\Divergent.Shipping.Data.csproj", "{C825BBFF-297D-4E68-ABB9-276FD81D4AD4}"
EndProject
Project("{FAE04EC0-301F-11D3-BF4B-00C04F79EFBC}") = "Divergent.Frontend", "Divergent.Frontend\Divergent.Frontend.csproj", "{29A4E5F5-F22A-4E6A-8462-4B9DBBDB7AE4}"
EndProject
Project("{2150E333-8FDC-42A3-9474-1A3956D46DE8}") = "ITOps", "ITOps", "{F1A15CFB-BD29-493C-B628-FB9647377160}"
EndProject
Project("{9A19103F-16F7-4668-BE54-9A1E7A4F7556}") = "ITOps.Json", "..\..\shared-api-gateway\ITOps.Json\ITOps.Json.csproj", "{D88C89CB-3F55-4941-B6EE-9FED5B379B35}"
EndProject
Project("{9A19103F-16F7-4668-BE54-9A1E7A4F7556}") = "ITOps.ViewModelComposition", "..\..\shared-api-gateway\ITOps.ViewModelComposition\ITOps.ViewModelComposition.csproj", "{94B49B55-BBCD-408B-B9F7-A2B8FC033A94}"
EndProject
Project("{9A19103F-16F7-4668-BE54-9A1E7A4F7556}") = "ITOps.ViewModelComposition.Gateway", "..\..\shared-api-gateway\ITOps.ViewModelComposition.Gateway\ITOps.ViewModelComposition.Gateway.csproj", "{5B583266-5F95-4841-ACC2-59345BC7BA6E}"
EndProject
Project("{9A19103F-16F7-4668-BE54-9A1E7A4F7556}") = "Divergent.CompositionGateway", "Divergent.CompositionGateway\Divergent.CompositionGateway.csproj", "{AB359EEF-D025-4787-8640-7397030D923D}"
EndProject
Project("{9A19103F-16F7-4668-BE54-9A1E7A4F7556}") = "Divergent.Sales.ViewModelComposition.Events", "Divergent.Sales.ViewModelComposition.Events\Divergent.Sales.ViewModelComposition.Events.csproj", "{AC77F9BC-0C5D-40E7-A4B1-7414AC7BE2B3}"
EndProject
Project("{9A19103F-16F7-4668-BE54-9A1E7A4F7556}") = "Divergent.Sales.ViewModelComposition", "Divergent.Sales.ViewModelComposition\Divergent.Sales.ViewModelComposition.csproj", "{01A250CC-6112-463A-AB76-4E0E878F89D5}"
EndProject
Project("{9A19103F-16F7-4668-BE54-9A1E7A4F7556}") = "Divergent.Customers.ViewModelComposition", "Divergent.Customers.ViewModelComposition\Divergent.Customers.ViewModelComposition.csproj", "{CFDEA230-200B-454B-8F70-9EF5455A6AF9}"
EndProject
Project("{9A19103F-16F7-4668-BE54-9A1E7A4F7556}") = "Divergent.Finance.ViewModelComposition", "Divergent.Finance.ViewModelComposition\Divergent.Finance.ViewModelComposition.csproj", "{2E6FF04A-8843-4D33-A09A-8B07F6A29BDD}"
EndProject
Project("{9A19103F-16F7-4668-BE54-9A1E7A4F7556}") = "ITOps.EndpointConfig", "..\..\shared-api-gateway\ITOps.EndpointConfig\ITOps.EndpointConfig.csproj", "{924F855A-5CDF-4876-86A0-F8E2D69E961C}"
EndProject
Global
	GlobalSection(SolutionConfigurationPlatforms) = preSolution
		Debug|Any CPU = Debug|Any CPU
		Release|Any CPU = Release|Any CPU
	EndGlobalSection
	GlobalSection(ProjectConfigurationPlatforms) = postSolution
		{02EE3114-734F-42DF-994C-98480E1489FE}.Debug|Any CPU.ActiveCfg = Debug|Any CPU
		{02EE3114-734F-42DF-994C-98480E1489FE}.Debug|Any CPU.Build.0 = Debug|Any CPU
		{02EE3114-734F-42DF-994C-98480E1489FE}.Release|Any CPU.ActiveCfg = Release|Any CPU
		{02EE3114-734F-42DF-994C-98480E1489FE}.Release|Any CPU.Build.0 = Release|Any CPU
		{3EE37732-A31A-408D-AC60-2FBF08D09B56}.Debug|Any CPU.ActiveCfg = Debug|Any CPU
		{3EE37732-A31A-408D-AC60-2FBF08D09B56}.Debug|Any CPU.Build.0 = Debug|Any CPU
		{3EE37732-A31A-408D-AC60-2FBF08D09B56}.Release|Any CPU.ActiveCfg = Release|Any CPU
		{3EE37732-A31A-408D-AC60-2FBF08D09B56}.Release|Any CPU.Build.0 = Release|Any CPU
		{F358BD9C-7138-45C9-AA32-B27F5066FF68}.Debug|Any CPU.ActiveCfg = Debug|Any CPU
		{F358BD9C-7138-45C9-AA32-B27F5066FF68}.Debug|Any CPU.Build.0 = Debug|Any CPU
		{F358BD9C-7138-45C9-AA32-B27F5066FF68}.Release|Any CPU.ActiveCfg = Release|Any CPU
		{F358BD9C-7138-45C9-AA32-B27F5066FF68}.Release|Any CPU.Build.0 = Release|Any CPU
		{01CCC8E0-605E-417D-BF33-30881F65A49B}.Debug|Any CPU.ActiveCfg = Debug|Any CPU
		{01CCC8E0-605E-417D-BF33-30881F65A49B}.Debug|Any CPU.Build.0 = Debug|Any CPU
		{01CCC8E0-605E-417D-BF33-30881F65A49B}.Release|Any CPU.ActiveCfg = Release|Any CPU
		{01CCC8E0-605E-417D-BF33-30881F65A49B}.Release|Any CPU.Build.0 = Release|Any CPU
		{FD850B7B-46A5-43EC-9571-C13736E6B033}.Debug|Any CPU.ActiveCfg = Debug|Any CPU
		{FD850B7B-46A5-43EC-9571-C13736E6B033}.Debug|Any CPU.Build.0 = Debug|Any CPU
		{FD850B7B-46A5-43EC-9571-C13736E6B033}.Release|Any CPU.ActiveCfg = Release|Any CPU
		{FD850B7B-46A5-43EC-9571-C13736E6B033}.Release|Any CPU.Build.0 = Release|Any CPU
		{314AA28E-E5A9-40B3-AA9B-C2C0E5BAD059}.Debug|Any CPU.ActiveCfg = Debug|Any CPU
		{314AA28E-E5A9-40B3-AA9B-C2C0E5BAD059}.Debug|Any CPU.Build.0 = Debug|Any CPU
		{314AA28E-E5A9-40B3-AA9B-C2C0E5BAD059}.Release|Any CPU.ActiveCfg = Release|Any CPU
		{314AA28E-E5A9-40B3-AA9B-C2C0E5BAD059}.Release|Any CPU.Build.0 = Release|Any CPU
		{FEE53DC5-B52D-49DB-8F07-A8C835998283}.Debug|Any CPU.ActiveCfg = Debug|Any CPU
		{FEE53DC5-B52D-49DB-8F07-A8C835998283}.Debug|Any CPU.Build.0 = Debug|Any CPU
		{FEE53DC5-B52D-49DB-8F07-A8C835998283}.Release|Any CPU.ActiveCfg = Release|Any CPU
		{FEE53DC5-B52D-49DB-8F07-A8C835998283}.Release|Any CPU.Build.0 = Release|Any CPU
		{80F82F7D-3F0A-4316-87CD-49F19DBD5B85}.Debug|Any CPU.ActiveCfg = Debug|Any CPU
		{80F82F7D-3F0A-4316-87CD-49F19DBD5B85}.Debug|Any CPU.Build.0 = Debug|Any CPU
		{80F82F7D-3F0A-4316-87CD-49F19DBD5B85}.Release|Any CPU.ActiveCfg = Release|Any CPU
		{80F82F7D-3F0A-4316-87CD-49F19DBD5B85}.Release|Any CPU.Build.0 = Release|Any CPU
		{4EEFC008-F185-480A-8312-D3E9C81C5D95}.Debug|Any CPU.ActiveCfg = Debug|Any CPU
		{4EEFC008-F185-480A-8312-D3E9C81C5D95}.Debug|Any CPU.Build.0 = Debug|Any CPU
		{4EEFC008-F185-480A-8312-D3E9C81C5D95}.Release|Any CPU.ActiveCfg = Release|Any CPU
		{4EEFC008-F185-480A-8312-D3E9C81C5D95}.Release|Any CPU.Build.0 = Release|Any CPU
		{E8BCB506-5BD6-4963-B4D0-717A26916E46}.Debug|Any CPU.ActiveCfg = Debug|Any CPU
		{E8BCB506-5BD6-4963-B4D0-717A26916E46}.Debug|Any CPU.Build.0 = Debug|Any CPU
		{E8BCB506-5BD6-4963-B4D0-717A26916E46}.Release|Any CPU.ActiveCfg = Release|Any CPU
		{E8BCB506-5BD6-4963-B4D0-717A26916E46}.Release|Any CPU.Build.0 = Release|Any CPU
		{222B8A52-4F51-4140-80B4-8AF531E293E4}.Debug|Any CPU.ActiveCfg = Debug|Any CPU
		{222B8A52-4F51-4140-80B4-8AF531E293E4}.Debug|Any CPU.Build.0 = Debug|Any CPU
		{222B8A52-4F51-4140-80B4-8AF531E293E4}.Release|Any CPU.ActiveCfg = Release|Any CPU
		{222B8A52-4F51-4140-80B4-8AF531E293E4}.Release|Any CPU.Build.0 = Release|Any CPU
		{BF4B517B-DBC4-4107-886F-9E246312E9AF}.Debug|Any CPU.ActiveCfg = Debug|Any CPU
		{BF4B517B-DBC4-4107-886F-9E246312E9AF}.Debug|Any CPU.Build.0 = Debug|Any CPU
		{BF4B517B-DBC4-4107-886F-9E246312E9AF}.Release|Any CPU.ActiveCfg = Release|Any CPU
		{BF4B517B-DBC4-4107-886F-9E246312E9AF}.Release|Any CPU.Build.0 = Release|Any CPU
		{C2FE4732-EA4E-49CC-BE34-46341FB32E09}.Debug|Any CPU.ActiveCfg = Debug|Any CPU
		{C2FE4732-EA4E-49CC-BE34-46341FB32E09}.Debug|Any CPU.Build.0 = Debug|Any CPU
		{C2FE4732-EA4E-49CC-BE34-46341FB32E09}.Release|Any CPU.ActiveCfg = Release|Any CPU
		{C2FE4732-EA4E-49CC-BE34-46341FB32E09}.Release|Any CPU.Build.0 = Release|Any CPU
		{C825BBFF-297D-4E68-ABB9-276FD81D4AD4}.Debug|Any CPU.ActiveCfg = Debug|Any CPU
		{C825BBFF-297D-4E68-ABB9-276FD81D4AD4}.Debug|Any CPU.Build.0 = Debug|Any CPU
		{C825BBFF-297D-4E68-ABB9-276FD81D4AD4}.Release|Any CPU.ActiveCfg = Release|Any CPU
		{C825BBFF-297D-4E68-ABB9-276FD81D4AD4}.Release|Any CPU.Build.0 = Release|Any CPU
		{29A4E5F5-F22A-4E6A-8462-4B9DBBDB7AE4}.Debug|Any CPU.ActiveCfg = Debug|Any CPU
		{29A4E5F5-F22A-4E6A-8462-4B9DBBDB7AE4}.Debug|Any CPU.Build.0 = Debug|Any CPU
		{29A4E5F5-F22A-4E6A-8462-4B9DBBDB7AE4}.Release|Any CPU.ActiveCfg = Release|Any CPU
		{29A4E5F5-F22A-4E6A-8462-4B9DBBDB7AE4}.Release|Any CPU.Build.0 = Release|Any CPU
		{D88C89CB-3F55-4941-B6EE-9FED5B379B35}.Debug|Any CPU.ActiveCfg = Debug|Any CPU
		{D88C89CB-3F55-4941-B6EE-9FED5B379B35}.Debug|Any CPU.Build.0 = Debug|Any CPU
		{D88C89CB-3F55-4941-B6EE-9FED5B379B35}.Release|Any CPU.ActiveCfg = Release|Any CPU
		{D88C89CB-3F55-4941-B6EE-9FED5B379B35}.Release|Any CPU.Build.0 = Release|Any CPU
		{94B49B55-BBCD-408B-B9F7-A2B8FC033A94}.Debug|Any CPU.ActiveCfg = Debug|Any CPU
		{94B49B55-BBCD-408B-B9F7-A2B8FC033A94}.Debug|Any CPU.Build.0 = Debug|Any CPU
		{94B49B55-BBCD-408B-B9F7-A2B8FC033A94}.Release|Any CPU.ActiveCfg = Release|Any CPU
		{94B49B55-BBCD-408B-B9F7-A2B8FC033A94}.Release|Any CPU.Build.0 = Release|Any CPU
		{5B583266-5F95-4841-ACC2-59345BC7BA6E}.Debug|Any CPU.ActiveCfg = Debug|Any CPU
		{5B583266-5F95-4841-ACC2-59345BC7BA6E}.Debug|Any CPU.Build.0 = Debug|Any CPU
		{5B583266-5F95-4841-ACC2-59345BC7BA6E}.Release|Any CPU.ActiveCfg = Release|Any CPU
		{5B583266-5F95-4841-ACC2-59345BC7BA6E}.Release|Any CPU.Build.0 = Release|Any CPU
		{AB359EEF-D025-4787-8640-7397030D923D}.Debug|Any CPU.ActiveCfg = Debug|Any CPU
		{AB359EEF-D025-4787-8640-7397030D923D}.Debug|Any CPU.Build.0 = Debug|Any CPU
		{AB359EEF-D025-4787-8640-7397030D923D}.Release|Any CPU.ActiveCfg = Release|Any CPU
		{AB359EEF-D025-4787-8640-7397030D923D}.Release|Any CPU.Build.0 = Release|Any CPU
		{AC77F9BC-0C5D-40E7-A4B1-7414AC7BE2B3}.Debug|Any CPU.ActiveCfg = Debug|Any CPU
		{AC77F9BC-0C5D-40E7-A4B1-7414AC7BE2B3}.Debug|Any CPU.Build.0 = Debug|Any CPU
		{AC77F9BC-0C5D-40E7-A4B1-7414AC7BE2B3}.Release|Any CPU.ActiveCfg = Release|Any CPU
		{AC77F9BC-0C5D-40E7-A4B1-7414AC7BE2B3}.Release|Any CPU.Build.0 = Release|Any CPU
		{01A250CC-6112-463A-AB76-4E0E878F89D5}.Debug|Any CPU.ActiveCfg = Debug|Any CPU
		{01A250CC-6112-463A-AB76-4E0E878F89D5}.Debug|Any CPU.Build.0 = Debug|Any CPU
		{01A250CC-6112-463A-AB76-4E0E878F89D5}.Release|Any CPU.ActiveCfg = Release|Any CPU
		{01A250CC-6112-463A-AB76-4E0E878F89D5}.Release|Any CPU.Build.0 = Release|Any CPU
		{CFDEA230-200B-454B-8F70-9EF5455A6AF9}.Debug|Any CPU.ActiveCfg = Debug|Any CPU
		{CFDEA230-200B-454B-8F70-9EF5455A6AF9}.Debug|Any CPU.Build.0 = Debug|Any CPU
		{CFDEA230-200B-454B-8F70-9EF5455A6AF9}.Release|Any CPU.ActiveCfg = Release|Any CPU
		{CFDEA230-200B-454B-8F70-9EF5455A6AF9}.Release|Any CPU.Build.0 = Release|Any CPU
		{2E6FF04A-8843-4D33-A09A-8B07F6A29BDD}.Debug|Any CPU.ActiveCfg = Debug|Any CPU
		{2E6FF04A-8843-4D33-A09A-8B07F6A29BDD}.Debug|Any CPU.Build.0 = Debug|Any CPU
		{2E6FF04A-8843-4D33-A09A-8B07F6A29BDD}.Release|Any CPU.ActiveCfg = Release|Any CPU
		{2E6FF04A-8843-4D33-A09A-8B07F6A29BDD}.Release|Any CPU.Build.0 = Release|Any CPU
		{924F855A-5CDF-4876-86A0-F8E2D69E961C}.Debug|Any CPU.ActiveCfg = Debug|Any CPU
		{924F855A-5CDF-4876-86A0-F8E2D69E961C}.Debug|Any CPU.Build.0 = Debug|Any CPU
		{924F855A-5CDF-4876-86A0-F8E2D69E961C}.Release|Any CPU.ActiveCfg = Release|Any CPU
		{924F855A-5CDF-4876-86A0-F8E2D69E961C}.Release|Any CPU.Build.0 = Release|Any CPU
	EndGlobalSection
	GlobalSection(SolutionProperties) = preSolution
		HideSolutionNode = FALSE
	EndGlobalSection
	GlobalSection(NestedProjects) = preSolution
		{02EE3114-734F-42DF-994C-98480E1489FE} = {808B901F-6EF7-49F0-B668-F54EEDB1F3F1}
		{3EE37732-A31A-408D-AC60-2FBF08D09B56} = {65F37558-1C29-4247-BD01-4DFAFD452ECB}
		{F358BD9C-7138-45C9-AA32-B27F5066FF68} = {3F113598-B240-4E06-B41A-6C684C208F2A}
		{01CCC8E0-605E-417D-BF33-30881F65A49B} = {65F37558-1C29-4247-BD01-4DFAFD452ECB}
		{FD850B7B-46A5-43EC-9571-C13736E6B033} = {3F113598-B240-4E06-B41A-6C684C208F2A}
		{314AA28E-E5A9-40B3-AA9B-C2C0E5BAD059} = {808B901F-6EF7-49F0-B668-F54EEDB1F3F1}
		{FEE53DC5-B52D-49DB-8F07-A8C835998283} = {65F37558-1C29-4247-BD01-4DFAFD452ECB}
		{80F82F7D-3F0A-4316-87CD-49F19DBD5B85} = {3F113598-B240-4E06-B41A-6C684C208F2A}
		{4EEFC008-F185-480A-8312-D3E9C81C5D95} = {41918E2F-FCC6-48D8-8A3C-3EF756BE385C}
		{E8BCB506-5BD6-4963-B4D0-717A26916E46} = {BAFA6668-162F-4D48-8BAD-46A39C59B6FE}
		{222B8A52-4F51-4140-80B4-8AF531E293E4} = {808B901F-6EF7-49F0-B668-F54EEDB1F3F1}
		{BF4B517B-DBC4-4107-886F-9E246312E9AF} = {65F37558-1C29-4247-BD01-4DFAFD452ECB}
		{C2FE4732-EA4E-49CC-BE34-46341FB32E09} = {3F113598-B240-4E06-B41A-6C684C208F2A}
		{C825BBFF-297D-4E68-ABB9-276FD81D4AD4} = {BAFA6668-162F-4D48-8BAD-46A39C59B6FE}
		{29A4E5F5-F22A-4E6A-8462-4B9DBBDB7AE4} = {120B20F8-E388-4973-8F67-8340EADED83B}
		{D88C89CB-3F55-4941-B6EE-9FED5B379B35} = {F1A15CFB-BD29-493C-B628-FB9647377160}
		{94B49B55-BBCD-408B-B9F7-A2B8FC033A94} = {F1A15CFB-BD29-493C-B628-FB9647377160}
		{5B583266-5F95-4841-ACC2-59345BC7BA6E} = {F1A15CFB-BD29-493C-B628-FB9647377160}
		{AB359EEF-D025-4787-8640-7397030D923D} = {120B20F8-E388-4973-8F67-8340EADED83B}
		{AC77F9BC-0C5D-40E7-A4B1-7414AC7BE2B3} = {3F113598-B240-4E06-B41A-6C684C208F2A}
		{01A250CC-6112-463A-AB76-4E0E878F89D5} = {3F113598-B240-4E06-B41A-6C684C208F2A}
		{CFDEA230-200B-454B-8F70-9EF5455A6AF9} = {808B901F-6EF7-49F0-B668-F54EEDB1F3F1}
		{2E6FF04A-8843-4D33-A09A-8B07F6A29BDD} = {65F37558-1C29-4247-BD01-4DFAFD452ECB}
		{924F855A-5CDF-4876-86A0-F8E2D69E961C} = {F1A15CFB-BD29-493C-B628-FB9647377160}
	EndGlobalSection
	GlobalSection(ExtensibilityGlobals) = postSolution
		SolutionGuid = {936DFAD0-50D9-4583-A889-1AE6512E95D3}
	EndGlobalSection
EndGlobal
