
Microsoft Visual Studio Solution File, Format Version 12.00
# Visual Studio 15
VisualStudioVersion = 15.0.27130.2010
MinimumVisualStudioVersion = 10.0.40219.1
Project("{9A19103F-16F7-4668-BE54-9A1E7A4F7556}") = "Divergent.CompositionGateway", "Divergent.CompositionGateway\Divergent.CompositionGateway.csproj", "{C0E4CD4F-657A-4872-969C-D97768636BDA}"
EndProject
Project("{2150E333-8FDC-42A3-9474-1A3956D46DE8}") = "ITOps", "ITOps", "{DB3EFAF6-6B45-48ED-BCB9-5F44FAB30CF9}"
EndProject
Project("{9A19103F-16F7-4668-BE54-9A1E7A4F7556}") = "ITOps.ViewModelComposition.Gateway", "ITOps.ViewModelComposition.Gateway\ITOps.ViewModelComposition.Gateway.csproj", "{1B2BC5FF-3F95-4429-8AE1-5AC6C99B689A}"
EndProject
Project("{9A19103F-16F7-4668-BE54-9A1E7A4F7556}") = "ITOps.ViewModelComposition", "ITOps.ViewModelComposition\ITOps.ViewModelComposition.csproj", "{10268718-D7A5-4F3B-A91C-A991DD93FAF6}"
EndProject
Project("{2150E333-8FDC-42A3-9474-1A3956D46DE8}") = "Sales", "Sales", "{C243015C-AEC9-4694-889E-4B57E208FD2A}"
EndProject
Project("{9A19103F-16F7-4668-BE54-9A1E7A4F7556}") = "Divergent.Sales.ViewModelComposition", "Divergent.Sales.ViewModelComposition\Divergent.Sales.ViewModelComposition.csproj", "{7F90C43D-41F7-4243-823C-A05034FEADE2}"
EndProject
Project("{9A19103F-16F7-4668-BE54-9A1E7A4F7556}") = "Divergent.Sales.ViewModelComposition.Events", "Divergent.Sales.ViewModelComposition.Events\Divergent.Sales.ViewModelComposition.Events.csproj", "{5875B01D-5A47-4B08-99B2-48D217F09B30}"
EndProject
Project("{2150E333-8FDC-42A3-9474-1A3956D46DE8}") = "Shipping", "Shipping", "{9D36D6A4-373C-4CB0-8B54-D15505E2AE91}"
EndProject
Project("{9A19103F-16F7-4668-BE54-9A1E7A4F7556}") = "Divergent.Shipping.ViewModelComposition", "Divergent.Shipping.ViewModelComposition\Divergent.Shipping.ViewModelComposition.csproj", "{657A5136-DDDE-493F-9247-B2789B3294F3}"
EndProject
Project("{9A19103F-16F7-4668-BE54-9A1E7A4F7556}") = "Divergent.Sales.Data", "Divergent.Sales.Data\Divergent.Sales.Data.csproj", "{80F82F7D-3F0A-4316-87CD-49F19DBD5B85}"
EndProject
Project("{9A19103F-16F7-4668-BE54-9A1E7A4F7556}") = "Divergent.Sales.API.Host", "Divergent.Sales.API.Host\Divergent.Sales.API.Host.csproj", "{DC8ADA37-837C-490F-BDFC-FC8D1001417E}"
EndProject
Project("{9A19103F-16F7-4668-BE54-9A1E7A4F7556}") = "Divergent.Shipping.Data", "Divergent.Shipping.Data\Divergent.Shipping.Data.csproj", "{0EFF2E29-829B-4B1C-A7C6-47D63B05F52B}"
EndProject
Project("{9A19103F-16F7-4668-BE54-9A1E7A4F7556}") = "Divergent.Shipping.API.Host", "Divergent.Shipping.API.Host\Divergent.Shipping.API.Host.csproj", "{0059E3AC-0AFA-43F6-B631-200CBB723F94}"
EndProject
Project("{9A19103F-16F7-4668-BE54-9A1E7A4F7556}") = "ITOps.Json", "ITOps.Json\ITOps.Json.csproj", "{4951C5A4-59D4-4AE1-B74C-B6F667544211}"
EndProject
Project("{2150E333-8FDC-42A3-9474-1A3956D46DE8}") = "Finance", "Finance", "{FACDA643-C0D4-4CCF-BA98-D23D28945B80}"
EndProject
Project("{FAE04EC0-301F-11D3-BF4B-00C04F79EFBC}") = "Finance.ViewModelComposition", "Finance.ViewModelComposition\Finance.ViewModelComposition.csproj", "{DA330A9F-8FEA-4E7A-97C8-FEAFD36BA9A4}"
EndProject
Global
	GlobalSection(SolutionConfigurationPlatforms) = preSolution
		Debug|Any CPU = Debug|Any CPU
		Release|Any CPU = Release|Any CPU
	EndGlobalSection
	GlobalSection(ProjectConfigurationPlatforms) = postSolution
		{C0E4CD4F-657A-4872-969C-D97768636BDA}.Debug|Any CPU.ActiveCfg = Debug|Any CPU
		{C0E4CD4F-657A-4872-969C-D97768636BDA}.Debug|Any CPU.Build.0 = Debug|Any CPU
		{C0E4CD4F-657A-4872-969C-D97768636BDA}.Release|Any CPU.ActiveCfg = Release|Any CPU
		{C0E4CD4F-657A-4872-969C-D97768636BDA}.Release|Any CPU.Build.0 = Release|Any CPU
		{1B2BC5FF-3F95-4429-8AE1-5AC6C99B689A}.Debug|Any CPU.ActiveCfg = Debug|Any CPU
		{1B2BC5FF-3F95-4429-8AE1-5AC6C99B689A}.Debug|Any CPU.Build.0 = Debug|Any CPU
		{1B2BC5FF-3F95-4429-8AE1-5AC6C99B689A}.Release|Any CPU.ActiveCfg = Release|Any CPU
		{1B2BC5FF-3F95-4429-8AE1-5AC6C99B689A}.Release|Any CPU.Build.0 = Release|Any CPU
		{10268718-D7A5-4F3B-A91C-A991DD93FAF6}.Debug|Any CPU.ActiveCfg = Debug|Any CPU
		{10268718-D7A5-4F3B-A91C-A991DD93FAF6}.Debug|Any CPU.Build.0 = Debug|Any CPU
		{10268718-D7A5-4F3B-A91C-A991DD93FAF6}.Release|Any CPU.ActiveCfg = Release|Any CPU
		{10268718-D7A5-4F3B-A91C-A991DD93FAF6}.Release|Any CPU.Build.0 = Release|Any CPU
		{7F90C43D-41F7-4243-823C-A05034FEADE2}.Debug|Any CPU.ActiveCfg = Debug|Any CPU
		{7F90C43D-41F7-4243-823C-A05034FEADE2}.Debug|Any CPU.Build.0 = Debug|Any CPU
		{7F90C43D-41F7-4243-823C-A05034FEADE2}.Release|Any CPU.ActiveCfg = Release|Any CPU
		{7F90C43D-41F7-4243-823C-A05034FEADE2}.Release|Any CPU.Build.0 = Release|Any CPU
		{5875B01D-5A47-4B08-99B2-48D217F09B30}.Debug|Any CPU.ActiveCfg = Debug|Any CPU
		{5875B01D-5A47-4B08-99B2-48D217F09B30}.Debug|Any CPU.Build.0 = Debug|Any CPU
		{5875B01D-5A47-4B08-99B2-48D217F09B30}.Release|Any CPU.ActiveCfg = Release|Any CPU
		{5875B01D-5A47-4B08-99B2-48D217F09B30}.Release|Any CPU.Build.0 = Release|Any CPU
		{657A5136-DDDE-493F-9247-B2789B3294F3}.Debug|Any CPU.ActiveCfg = Debug|Any CPU
		{657A5136-DDDE-493F-9247-B2789B3294F3}.Debug|Any CPU.Build.0 = Debug|Any CPU
		{657A5136-DDDE-493F-9247-B2789B3294F3}.Release|Any CPU.ActiveCfg = Release|Any CPU
		{657A5136-DDDE-493F-9247-B2789B3294F3}.Release|Any CPU.Build.0 = Release|Any CPU
		{80F82F7D-3F0A-4316-87CD-49F19DBD5B85}.Debug|Any CPU.ActiveCfg = Debug|Any CPU
		{80F82F7D-3F0A-4316-87CD-49F19DBD5B85}.Debug|Any CPU.Build.0 = Debug|Any CPU
		{80F82F7D-3F0A-4316-87CD-49F19DBD5B85}.Release|Any CPU.ActiveCfg = Release|Any CPU
		{80F82F7D-3F0A-4316-87CD-49F19DBD5B85}.Release|Any CPU.Build.0 = Release|Any CPU
		{DC8ADA37-837C-490F-BDFC-FC8D1001417E}.Debug|Any CPU.ActiveCfg = Debug|Any CPU
		{DC8ADA37-837C-490F-BDFC-FC8D1001417E}.Debug|Any CPU.Build.0 = Debug|Any CPU
		{DC8ADA37-837C-490F-BDFC-FC8D1001417E}.Release|Any CPU.ActiveCfg = Release|Any CPU
		{DC8ADA37-837C-490F-BDFC-FC8D1001417E}.Release|Any CPU.Build.0 = Release|Any CPU
		{0EFF2E29-829B-4B1C-A7C6-47D63B05F52B}.Debug|Any CPU.ActiveCfg = Debug|Any CPU
		{0EFF2E29-829B-4B1C-A7C6-47D63B05F52B}.Debug|Any CPU.Build.0 = Debug|Any CPU
		{0EFF2E29-829B-4B1C-A7C6-47D63B05F52B}.Release|Any CPU.ActiveCfg = Release|Any CPU
		{0EFF2E29-829B-4B1C-A7C6-47D63B05F52B}.Release|Any CPU.Build.0 = Release|Any CPU
		{0059E3AC-0AFA-43F6-B631-200CBB723F94}.Debug|Any CPU.ActiveCfg = Debug|Any CPU
		{0059E3AC-0AFA-43F6-B631-200CBB723F94}.Debug|Any CPU.Build.0 = Debug|Any CPU
		{0059E3AC-0AFA-43F6-B631-200CBB723F94}.Release|Any CPU.ActiveCfg = Release|Any CPU
		{0059E3AC-0AFA-43F6-B631-200CBB723F94}.Release|Any CPU.Build.0 = Release|Any CPU
		{4951C5A4-59D4-4AE1-B74C-B6F667544211}.Debug|Any CPU.ActiveCfg = Debug|Any CPU
		{4951C5A4-59D4-4AE1-B74C-B6F667544211}.Debug|Any CPU.Build.0 = Debug|Any CPU
		{4951C5A4-59D4-4AE1-B74C-B6F667544211}.Release|Any CPU.ActiveCfg = Release|Any CPU
		{4951C5A4-59D4-4AE1-B74C-B6F667544211}.Release|Any CPU.Build.0 = Release|Any CPU
		{DA330A9F-8FEA-4E7A-97C8-FEAFD36BA9A4}.Debug|Any CPU.ActiveCfg = Debug|Any CPU
		{DA330A9F-8FEA-4E7A-97C8-FEAFD36BA9A4}.Debug|Any CPU.Build.0 = Debug|Any CPU
		{DA330A9F-8FEA-4E7A-97C8-FEAFD36BA9A4}.Release|Any CPU.ActiveCfg = Release|Any CPU
		{DA330A9F-8FEA-4E7A-97C8-FEAFD36BA9A4}.Release|Any CPU.Build.0 = Release|Any CPU
	EndGlobalSection
	GlobalSection(SolutionProperties) = preSolution
		HideSolutionNode = FALSE
	EndGlobalSection
	GlobalSection(NestedProjects) = preSolution
		{1B2BC5FF-3F95-4429-8AE1-5AC6C99B689A} = {DB3EFAF6-6B45-48ED-BCB9-5F44FAB30CF9}
		{10268718-D7A5-4F3B-A91C-A991DD93FAF6} = {DB3EFAF6-6B45-48ED-BCB9-5F44FAB30CF9}
		{7F90C43D-41F7-4243-823C-A05034FEADE2} = {C243015C-AEC9-4694-889E-4B57E208FD2A}
		{5875B01D-5A47-4B08-99B2-48D217F09B30} = {C243015C-AEC9-4694-889E-4B57E208FD2A}
		{657A5136-DDDE-493F-9247-B2789B3294F3} = {9D36D6A4-373C-4CB0-8B54-D15505E2AE91}
		{80F82F7D-3F0A-4316-87CD-49F19DBD5B85} = {C243015C-AEC9-4694-889E-4B57E208FD2A}
		{DC8ADA37-837C-490F-BDFC-FC8D1001417E} = {C243015C-AEC9-4694-889E-4B57E208FD2A}
		{0EFF2E29-829B-4B1C-A7C6-47D63B05F52B} = {9D36D6A4-373C-4CB0-8B54-D15505E2AE91}
		{0059E3AC-0AFA-43F6-B631-200CBB723F94} = {9D36D6A4-373C-4CB0-8B54-D15505E2AE91}
		{4951C5A4-59D4-4AE1-B74C-B6F667544211} = {DB3EFAF6-6B45-48ED-BCB9-5F44FAB30CF9}
		{DA330A9F-8FEA-4E7A-97C8-FEAFD36BA9A4} = {FACDA643-C0D4-4CCF-BA98-D23D28945B80}
	EndGlobalSection
	GlobalSection(ExtensibilityGlobals) = postSolution
		SolutionGuid = {165CC020-BD77-48FE-B305-073441440289}
	EndGlobalSection
EndGlobal
